github.com/idiomatic-go/entity-data v0.0.0-20220921203020-cff0a596dca0 h1:b8t7S99XJL3OXHSKEfxbYYcSYVMYISJoZrvGTrF/OD4=
github.com/idiomatic-go/entity-data v0.0.0-20220921203020-cff0a596dca0/go.mod h1:zy/J1G4/yvlzG1n85+wFQNQNcJXTKb5hnDPTi80JJ0E=
github.com/idiomatic-go/metrics-data v0.0.0-20220921174655-8bb5f02d5d84 h1:rCXeFC7btWAOq7A3qfcb3JQblMQg8fENhE2mZ2MIeVA=
github.com/idiomatic-go/metrics-data v0.0.0-20220921174655-8bb5f02d5d84/go.mod h1:1yPRGM/Gslxqpw/aS5rpx9A53UHMLRFrcJ0o4V0zRKw=
